
Microsoft Visual Studio Solution File, Format Version 12.00
# Visual Studio 2015
Project("{FAE04EC0-301F-11D3-BF4B-00C04F79EFBC}") = "Wassily", "Wassily.csproj", "{668E92D5-A54F-CFCF-E94D-058DF7081EDC}"
EndProject
Project("{FAE04EC0-301F-11D3-BF4B-00C04F79EFBC}") = "Wassily.Editor", "Wassily.Editor.csproj", "{2FC649A8-3113-F818-0581-CA59F8BC39B9}"
EndProject
Global
	GlobalSection(SolutionConfigurationPlatforms) = preSolution
		Debug|Any CPU = Debug|Any CPU
		Release|Any CPU = Release|Any CPU
	EndGlobalSection
	GlobalSection(ProjectConfigurationPlatforms) = postSolution
		{668E92D5-A54F-CFCF-E94D-058DF7081EDC}.Debug|Any CPU.ActiveCfg = Debug|Any CPU
		{668E92D5-A54F-CFCF-E94D-058DF7081EDC}.Debug|Any CPU.Build.0 = Debug|Any CPU
		{668E92D5-A54F-CFCF-E94D-058DF7081EDC}.Release|Any CPU.ActiveCfg = Release|Any CPU
		{668E92D5-A54F-CFCF-E94D-058DF7081EDC}.Release|Any CPU.Build.0 = Release|Any CPU
		{2FC649A8-3113-F818-0581-CA59F8BC39B9}.Debug|Any CPU.ActiveCfg = Debug|Any CPU
		{2FC649A8-3113-F818-0581-CA59F8BC39B9}.Debug|Any CPU.Build.0 = Debug|Any CPU
		{2FC649A8-3113-F818-0581-CA59F8BC39B9}.Release|Any CPU.ActiveCfg = Release|Any CPU
		{2FC649A8-3113-F818-0581-CA59F8BC39B9}.Release|Any CPU.Build.0 = Release|Any CPU
	EndGlobalSection
	GlobalSection(SolutionProperties) = preSolution
		HideSolutionNode = FALSE
	EndGlobalSection
EndGlobal
